
Microsoft Visual Studio Solution File, Format Version 12.00
# Visual Studio 2013
VisualStudioVersion = 12.0.30501.0
MinimumVisualStudioVersion = 10.0.40219.1
Project("{8BC9CEB8-8B4A-11D0-8D11-00A0C91BC942}") = "p2", "p2.vcxproj", "{565BE4D0-9762-4AB0-A443-28E18AAD67B3}"
EndProject
Project("{2150E333-8FDC-42A3-9474-1A3956D46DE8}") = "Solution Items", "Solution Items", "{FD7576D5-4FDE-40F0-87C6-9608D208F0C5}"
EndProject
Global
	GlobalSection(SolutionConfigurationPlatforms) = preSolution
		Debug|Win32 = Debug|Win32
		Release|Win32 = Release|Win32
	EndGlobalSection
	GlobalSection(ProjectConfigurationPlatforms) = postSolution
		{565BE4D0-9762-4AB0-A443-28E18AAD67B3}.Debug|Win32.ActiveCfg = Debug|Win32
		{565BE4D0-9762-4AB0-A443-28E18AAD67B3}.Debug|Win32.Build.0 = Debug|Win32
		{565BE4D0-9762-4AB0-A443-28E18AAD67B3}.Release|Win32.ActiveCfg = Release|Win32
		{565BE4D0-9762-4AB0-A443-28E18AAD67B3}.Release|Win32.Build.0 = Release|Win32
	EndGlobalSection
	GlobalSection(SolutionProperties) = preSolution
		HideSolutionNode = FALSE
	EndGlobalSection
EndGlobal
